
Microsoft Visual Studio Solution File, Format Version 12.00
Project("{FAE04EC0-301F-11D3-BF4B-00C04F79EFBC}") = "NO_Optimisation", "NO_OPT\NO_Optimisation.csproj", "{BD30BD77-C87F-441B-BA1C-6450B8400281}"
EndProject
Global
	GlobalSection(SolutionConfigurationPlatforms) = preSolution
		Debug|Any CPU = Debug|Any CPU
		Release|Any CPU = Release|Any CPU
	EndGlobalSection
	GlobalSection(ProjectConfigurationPlatforms) = postSolution
		{BD30BD77-C87F-441B-BA1C-6450B8400281}.Debug|Any CPU.ActiveCfg = Debug|Any CPU
		{BD30BD77-C87F-441B-BA1C-6450B8400281}.Debug|Any CPU.Build.0 = Debug|Any CPU
		{BD30BD77-C87F-441B-BA1C-6450B8400281}.Release|Any CPU.ActiveCfg = Release|Any CPU
		{BD30BD77-C87F-441B-BA1C-6450B8400281}.Release|Any CPU.Build.0 = Release|Any CPU
	EndGlobalSection
EndGlobal
